// !$*UTF8*$!
{
	archiveVersion = 1;
	classes = {
	};
	objectVersion = 46;
	objects = {

/* Begin PBXBuildFile section */
		8CE9560A1D0E019A00DFF841 /* AppDelegate.swift in Sources */ = {isa = PBXBuildFile; fileRef = 8CE956091D0E019A00DFF841 /* AppDelegate.swift */; };
		8CE9560C1D0E019A00DFF841 /* ViewController.swift in Sources */ = {isa = PBXBuildFile; fileRef = 8CE9560B1D0E019A00DFF841 /* ViewController.swift */; };
		8CE9560F1D0E019A00DFF841 /* Main.storyboard in Resources */ = {isa = PBXBuildFile; fileRef = 8CE9560D1D0E019A00DFF841 /* Main.storyboard */; };
		8CE956111D0E019A00DFF841 /* Assets.xcassets in Resources */ = {isa = PBXBuildFile; fileRef = 8CE956101D0E019A00DFF841 /* Assets.xcassets */; };
		8CE956141D0E019A00DFF841 /* LaunchScreen.storyboard in Resources */ = {isa = PBXBuildFile; fileRef = 8CE956121D0E019A00DFF841 /* LaunchScreen.storyboard */; };
		8CE9561C1D0E057D00DFF841 /* TableViewController.swift in Sources */ = {isa = PBXBuildFile; fileRef = 8CE9561B1D0E057D00DFF841 /* TableViewController.swift */; };
/* End PBXBuildFile section */

/* Begin PBXFileReference section */
		8CE956061D0E019A00DFF841 /* FavoritePlaces.app */ = {isa = PBXFileReference; explicitFileType = wrapper.application; includeInIndex = 0; path = FavoritePlaces.app; sourceTree = BUILT_PRODUCTS_DIR; };
		8CE956091D0E019A00DFF841 /* AppDelegate.swift */ = {isa = PBXFileReference; lastKnownFileType = sourcecode.swift; path = AppDelegate.swift; sourceTree = "<group>"; };
		8CE9560B1D0E019A00DFF841 /* ViewController.swift */ = {isa = PBXFileReference; lastKnownFileType = sourcecode.swift; path = ViewController.swift; sourceTree = "<group>"; };
		8CE9560E1D0E019A00DFF841 /* Base */ = {isa = PBXFileReference; lastKnownFileType = file.storyboard; name = Base; path = Base.lproj/Main.storyboard; sourceTree = "<group>"; };
		8CE956101D0E019A00DFF841 /* Assets.xcassets */ = {isa = PBXFileReference; lastKnownFileType = folder.assetcatalog; path = Assets.xcassets; sourceTree = "<group>"; };
		8CE956131D0E019A00DFF841 /* Base */ = {isa = PBXFileReference; lastKnownFileType = file.storyboard; name = Base; path = Base.lproj/LaunchScreen.storyboard; sourceTree = "<group>"; };
		8CE956151D0E019A00DFF841 /* Info.plist */ = {isa = PBXFileReference; lastKnownFileType = text.plist.xml; path = Info.plist; sourceTree = "<group>"; };
		8CE9561B1D0E057D00DFF841 /* TableViewController.swift */ = {isa = PBXFileReference; fileEncoding = 4; lastKnownFileType = sourcecode.swift; path = TableViewController.swift; sourceTree = "<group>"; };
/* End PBXFileReference section */

/* Begin PBXFrameworksBuildPhase section */
		8CE956031D0E019A00DFF841 /* Frameworks */ = {
			isa = PBXFrameworksBuildPhase;
			buildActionMask = 2147483647;
			files = (
			);
			runOnlyForDeploymentPostprocessing = 0;
		};
/* End PBXFrameworksBuildPhase section */

/* Begin PBXGroup section */
		8CE955FD1D0E019A00DFF841 = {
			isa = PBXGroup;
			children = (
				8CE956081D0E019A00DFF841 /* FavoritePlaces */,
				8CE956071D0E019A00DFF841 /* Products */,
			);
			sourceTree = "<group>";
		};
		8CE956071D0E019A00DFF841 /* Products */ = {
			isa = PBXGroup;
			children = (
				8CE956061D0E019A00DFF841 /* FavoritePlaces.app */,
			);
			name = Products;
			sourceTree = "<group>";
		};
		8CE956081D0E019A00DFF841 /* FavoritePlaces */ = {
			isa = PBXGroup;
			children = (
				8CE956091D0E019A00DFF841 /* AppDelegate.swift */,
				8CE9560B1D0E019A00DFF841 /* ViewController.swift */,
				8CE9561B1D0E057D00DFF841 /* TableViewController.swift */,
				8CE9560D1D0E019A00DFF841 /* Main.storyboard */,
				8CE956101D0E019A00DFF841 /* Assets.xcassets */,
				8CE956121D0E019A00DFF841 /* LaunchScreen.storyboard */,
				8CE956151D0E019A00DFF841 /* Info.plist */,
			);
			path = FavoritePlaces;
			sourceTree = "<group>";
		};
/* End PBXGroup section */

/* Begin PBXNativeTarget section */
		8CE956051D0E019A00DFF841 /* FavoritePlaces */ = {
			isa = PBXNativeTarget;
			buildConfigurationList = 8CE956181D0E019A00DFF841 /* Build configuration list for PBXNativeTarget "FavoritePlaces" */;
			buildPhases = (
				8CE956021D0E019A00DFF841 /* Sources */,
				8CE956031D0E019A00DFF841 /* Frameworks */,
				8CE956041D0E019A00DFF841 /* Resources */,
			);
			buildRules = (
			);
			dependencies = (
			);
			name = FavoritePlaces;
			productName = FavoritePlaces;
			productReference = 8CE956061D0E019A00DFF841 /* FavoritePlaces.app */;
			productType = "com.apple.product-type.application";
		};
/* End PBXNativeTarget section */

/* Begin PBXProject section */
		8CE955FE1D0E019A00DFF841 /* Project object */ = {
			isa = PBXProject;
			attributes = {
				LastSwiftUpdateCheck = 0730;
				LastUpgradeCheck = 0730;
				ORGANIZATIONNAME = "Ricardo Bravo Acuña";
				TargetAttributes = {
					8CE956051D0E019A00DFF841 = {
						CreatedOnToolsVersion = 7.3.1;
					};
				};
			};
			buildConfigurationList = 8CE956011D0E019A00DFF841 /* Build configuration list for PBXProject "FavoritePlaces" */;
			compatibilityVersion = "Xcode 3.2";
			developmentRegion = English;
			hasScannedForEncodings = 0;
			knownRegions = (
				en,
				Base,
			);
			mainGroup = 8CE955FD1D0E019A00DFF841;
			productRefGroup = 8CE956071D0E019A00DFF841 /* Products */;
			projectDirPath = "";
			projectRoot = "";
			targets = (
				8CE956051D0E019A00DFF841 /* FavoritePlaces */,
			);
		};
/* End PBXProject section */

/* Begin PBXResourcesBuildPhase section */
		8CE956041D0E019A00DFF841 /* Resources */ = {
			isa = PBXResourcesBuildPhase;
			buildActionMask = 2147483647;
			files = (
				8CE956141D0E019A00DFF841 /* LaunchScreen.storyboard in Resources */,
				8CE956111D0E019A00DFF841 /* Assets.xcassets in Resources */,
				8CE9560F1D0E019A00DFF841 /* Main.storyboard in Resources */,
			);
			runOnlyForDeploymentPostprocessing = 0;
		};
/* End PBXResourcesBuildPhase section */

/* Begin PBXSourcesBuildPhase section */
		8CE956021D0E019A00DFF841 /* Sources */ = {
			isa = PBXSourcesBuildPhase;
			buildActionMask = 2147483647;
			files = (
				8CE9560C1D0E019A00DFF841 /* ViewController.swift in Sources */,
				8CE9561C1D0E057D00DFF841 /* TableViewController.swift in Sources */,
				8CE9560A1D0E019A00DFF841 /* AppDelegate.swift in Sources */,
			);
			runOnlyForDeploymentPostprocessing = 0;
		};
/* End PBXSourcesBuildPhase section */

/* Begin PBXVariantGroup section */
		8CE9560D1D0E019A00DFF841 /* Main.storyboard */ = {
			isa = PBXVariantGroup;
			children = (
				8CE9560E1D0E019A00DFF841 /* Base */,
			);
			name = Main.storyboard;
			sourceTree = "<group>";
		};
		8CE956121D0E019A00DFF841 /* LaunchScreen.storyboard */ = {
			isa = PBXVariantGroup;
			children = (
				8CE956131D0E019A00DFF841 /* Base */,
			);
			name = LaunchScreen.storyboard;
			sourceTree = "<group>";
		};
/* End PBXVariantGroup section */

/* Begin XCBuildConfiguration section */
		8CE956161D0E019A00DFF841 /* Debug */ = {
			isa = XCBuildConfiguration;
			buildSettings = {
				ALWAYS_SEARCH_USER_PATHS = NO;
				CLANG_ANALYZER_NONNULL = YES;
				CLANG_CXX_LANGUAGE_STANDARD = "gnu++0x";
				CLANG_CXX_LIBRARY = "libc++";
				CLANG_ENABLE_MODULES = YES;
				CLANG_ENABLE_OBJC_ARC = YES;
				CLANG_WARN_BOOL_CONVERSION = YES;
				CLANG_WARN_CONSTANT_CONVERSION = YES;
				CLANG_WARN_DIRECT_OBJC_ISA_USAGE = YES_ERROR;
				CLANG_WARN_EMPTY_BODY = YES;
				CLANG_WARN_ENUM_CONVERSION = YES;
				CLANG_WARN_INT_CONVERSION = YES;
				CLANG_WARN_OBJC_ROOT_CLASS = YES_ERROR;
				CLANG_WARN_UNREACHABLE_CODE = YES;
				CLANG_WARN__DUPLICATE_METHOD_MATCH = YES;
				"CODE_SIGN_IDENTITY[sdk=iphoneos*]" = "iPhone Developer";
				COPY_PHASE_STRIP = NO;
				DEBUG_INFORMATION_FORMAT = dwarf;
				ENABLE_STRICT_OBJC_MSGSEND = YES;
				ENABLE_TESTABILITY = YES;
				GCC_C_LANGUAGE_STANDARD = gnu99;
				GCC_DYNAMIC_NO_PIC = NO;
				GCC_NO_COMMON_BLOCKS = YES;
				GCC_OPTIMIZATION_LEVEL = 0;
				GCC_PREPROCESSOR_DEFINITIONS = (
					"DEBUG=1",
					"$(inherited)",
				);
				GCC_WARN_64_TO_32_BIT_CONVERSION = YES;
				GCC_WARN_ABOUT_RETURN_TYPE = YES_ERROR;
				GCC_WARN_UNDECLARED_SELECTOR = YES;
				GCC_WARN_UNINITIALIZED_AUTOS = YES_AGGRESSIVE;
				GCC_WARN_UNUSED_FUNCTION = YES;
				GCC_WARN_UNUSED_VARIABLE = YES;
				IPHONEOS_DEPLOYMENT_TARGET = 9.3;
				MTL_ENABLE_DEBUG_INFO = YES;
				ONLY_ACTIVE_ARCH = YES;
				SDKROOT = iphoneos;
				SWIFT_OPTIMIZATION_LEVEL = "-Onone";
			};
			name = Debug;
		};
		8CE956171D0E019A00DFF841 /* Release */ = {
			isa = XCBuildConfiguration;
			buildSettings = {
				ALWAYS_SEARCH_USER_PATHS = NO;
				CLANG_ANALYZER_NONNULL = YES;
				CLANG_CXX_LANGUAGE_STANDARD = "gnu++0x";
				CLANG_CXX_LIBRARY = "libc++";
				CLANG_ENABLE_MODULES = YES;
				CLANG_ENABLE_OBJC_ARC = YES;
				CLANG_WARN_BOOL_CONVERSION = YES;
				CLANG_WARN_CONSTANT_CONVERSION = YES;
				CLANG_WARN_DIRECT_OBJC_ISA_USAGE = YES_ERROR;
				CLANG_WARN_EMPTY_BODY = YES;
				CLANG_WARN_ENUM_CONVERSION = YES;
				CLANG_WARN_INT_CONVERSION = YES;
				CLANG_WARN_OBJC_ROOT_CLASS = YES_ERROR;
				CLANG_WARN_UNREACHABLE_CODE = YES;
				CLANG_WARN__DUPLICATE_METHOD_MATCH = YES;
				"CODE_SIGN_IDENTITY[sdk=iphoneos*]" = "iPhone Developer";
				COPY_PHASE_STRIP = NO;
				DEBUG_INFORMATION_FORMAT = "dwarf-with-dsym";
				ENABLE_NS_ASSERTIONS = NO;
				ENABLE_STRICT_OBJC_MSGSEND = YES;
				GCC_C_LANGUAGE_STANDARD = gnu99;
				GCC_NO_COMMON_BLOCKS = YES;
				GCC_WARN_64_TO_32_BIT_CONVERSION = YES;
				GCC_WARN_ABOUT_RETURN_TYPE = YES_ERROR;
				GCC_WARN_UNDECLARED_SELECTOR = YES;
				GCC_WARN_UNINITIALIZED_AUTOS = YES_AGGRESSIVE;
				GCC_WARN_UNUSED_FUNCTION = YES;
				GCC_WARN_UNUSED_VARIABLE = YES;
				IPHONEOS_DEPLOYMENT_TARGET = 9.3;
				MTL_ENABLE_DEBUG_INFO = NO;
				SDKROOT = iphoneos;
				VALIDATE_PRODUCT = YES;
			};
			name = Release;
		};
		8CE956191D0E019A00DFF841 /* Debug */ = {
			isa = XCBuildConfiguration;
			buildSettings = {
				ASSETCATALOG_COMPILER_APPICON_NAME = AppIcon;
				INFOPLIST_FILE = FavoritePlaces/Info.plist;
				LD_RUNPATH_SEARCH_PATHS = "$(inherited) @executable_path/Frameworks";
				PRODUCT_BUNDLE_IDENTIFIER = com.rba.FavoritePlaces;
				PRODUCT_NAME = "$(TARGET_NAME)";
			};
			name = Debug;
		};
		8CE9561A1D0E019A00DFF841 /* Release */ = {
			isa = XCBuildConfiguration;
			buildSettings = {
				ASSETCATALOG_COMPILER_APPICON_NAME = AppIcon;
				INFOPLIST_FILE = FavoritePlaces/Info.plist;
				LD_RUNPATH_SEARCH_PATHS = "$(inherited) @executable_path/Frameworks";
				PRODUCT_BUNDLE_IDENTIFIER = com.rba.FavoritePlaces;
				PRODUCT_NAME = "$(TARGET_NAME)";
			};
			name = Release;
		};
/* End XCBuildConfiguration section */

/* Begin XCConfigurationList section */
		8CE956011D0E019A00DFF841 /* Build configuration list for PBXProject "FavoritePlaces" */ = {
			isa = XCConfigurationList;
			buildConfigurations = (
				8CE956161D0E019A00DFF841 /* Debug */,
				8CE956171D0E019A00DFF841 /* Release */,
			);
			defaultConfigurationIsVisible = 0;
			defaultConfigurationName = Release;
		};
		8CE956181D0E019A00DFF841 /* Build configuration list for PBXNativeTarget "FavoritePlaces" */ = {
			isa = XCConfigurationList;
			buildConfigurations = (
				8CE956191D0E019A00DFF841 /* Debug */,
				8CE9561A1D0E019A00DFF841 /* Release */,
			);
			defaultConfigurationIsVisible = 0;
		};
/* End XCConfigurationList section */
	};
	rootObject = 8CE955FE1D0E019A00DFF841 /* Project object */;
}
